
Microsoft Visual Studio Solution File, Format Version 12.00
# Visual Studio Version 16
VisualStudioVersion = 16.0.33927.289
MinimumVisualStudioVersion = 10.0.40219.1
Project("{FAE04EC0-301F-11D3-BF4B-00C04F79EFBC}") = "Ejercicio1", "Ejercicio1\Ejercicio1.csproj", "{C2582B16-CC1C-42C9-8D67-074B708FBC3C}"
EndProject
Global
	GlobalSection(SolutionConfigurationPlatforms) = preSolution
		Debug|Any CPU = Debug|Any CPU
		Release|Any CPU = Release|Any CPU
	EndGlobalSection
	GlobalSection(ProjectConfigurationPlatforms) = postSolution
		{C2582B16-CC1C-42C9-8D67-074B708FBC3C}.Debug|Any CPU.ActiveCfg = Debug|Any CPU
		{C2582B16-CC1C-42C9-8D67-074B708FBC3C}.Debug|Any CPU.Build.0 = Debug|Any CPU
		{C2582B16-CC1C-42C9-8D67-074B708FBC3C}.Release|Any CPU.ActiveCfg = Release|Any CPU
		{C2582B16-CC1C-42C9-8D67-074B708FBC3C}.Release|Any CPU.Build.0 = Release|Any CPU
	EndGlobalSection
	GlobalSection(SolutionProperties) = preSolution
		HideSolutionNode = FALSE
	EndGlobalSection
	GlobalSection(ExtensibilityGlobals) = postSolution
		SolutionGuid = {087BFCB4-6003-4085-9C09-203389DAACDD}
	EndGlobalSection
EndGlobal
